
Microsoft Visual Studio Solution File, Format Version 12.00
# Visual Studio Version 17
VisualStudioVersion = 17.5.33516.290
MinimumVisualStudioVersion = 10.0.40219.1
Project("{FAE04EC0-301F-11D3-BF4B-00C04F79EFBC}") = "Thesis", "Thesis\Thesis.csproj", "{06FC429B-7373-497A-B0BA-808737684E86}"
EndProject
Global
	GlobalSection(SolutionConfigurationPlatforms) = preSolution
		Debug|Any CPU = Debug|Any CPU
		Release|Any CPU = Release|Any CPU
	EndGlobalSection
	GlobalSection(ProjectConfigurationPlatforms) = postSolution
		{06FC429B-7373-497A-B0BA-808737684E86}.Debug|Any CPU.ActiveCfg = Debug|Any CPU
		{06FC429B-7373-497A-B0BA-808737684E86}.Debug|Any CPU.Build.0 = Debug|Any CPU
		{06FC429B-7373-497A-B0BA-808737684E86}.Release|Any CPU.ActiveCfg = Release|Any CPU
		{06FC429B-7373-497A-B0BA-808737684E86}.Release|Any CPU.Build.0 = Release|Any CPU
	EndGlobalSection
	GlobalSection(SolutionProperties) = preSolution
		HideSolutionNode = FALSE
	EndGlobalSection
	GlobalSection(ExtensibilityGlobals) = postSolution
		SolutionGuid = {B7A8268D-AFBD-47B8-8B5D-0368D2C5372A}
	EndGlobalSection
EndGlobal
